// !$*UTF8*$!
{
	archiveVersion = 1;
	classes = {
	};
	objectVersion = 50;
	objects = {

/* Begin PBXBuildFile section */
		372E737F22C33A9000F07609 /* AppDelegate.m in Sources */ = {isa = PBXBuildFile; fileRef = 372E737E22C33A9000F07609 /* AppDelegate.m */; };
		372E738222C33A9000F07609 /* ViewController.m in Sources */ = {isa = PBXBuildFile; fileRef = 372E738122C33A9000F07609 /* ViewController.m */; };
		372E738522C33A9000F07609 /* Main.storyboard in Resources */ = {isa = PBXBuildFile; fileRef = 372E738322C33A9000F07609 /* Main.storyboard */; };
		372E738722C33A9300F07609 /* Assets.xcassets in Resources */ = {isa = PBXBuildFile; fileRef = 372E738622C33A9300F07609 /* Assets.xcassets */; };
		372E738A22C33A9300F07609 /* LaunchScreen.storyboard in Resources */ = {isa = PBXBuildFile; fileRef = 372E738822C33A9300F07609 /* LaunchScreen.storyboard */; };
		372E738D22C33A9300F07609 /* main.m in Sources */ = {isa = PBXBuildFile; fileRef = 372E738C22C33A9300F07609 /* main.m */; };
		372E739722C33A9300F07609 /* MainProjectTests.m in Sources */ = {isa = PBXBuildFile; fileRef = 372E739622C33A9300F07609 /* MainProjectTests.m */; };
		372E73A222C33A9300F07609 /* MainProjectUITests.m in Sources */ = {isa = PBXBuildFile; fileRef = 372E73A122C33A9300F07609 /* MainProjectUITests.m */; };
		372E73B422C33AAC00F07609 /* BViewController.m in Sources */ = {isa = PBXBuildFile; fileRef = 372E73B322C33AAC00F07609 /* BViewController.m */; };
/* End PBXBuildFile section */

/* Begin PBXContainerItemProxy section */
		372E739322C33A9300F07609 /* PBXContainerItemProxy */ = {
			isa = PBXContainerItemProxy;
			containerPortal = 372E737222C33A9000F07609 /* Project object */;
			proxyType = 1;
			remoteGlobalIDString = 372E737922C33A9000F07609;
			remoteInfo = MainProject;
		};
		372E739E22C33A9300F07609 /* PBXContainerItemProxy */ = {
			isa = PBXContainerItemProxy;
			containerPortal = 372E737222C33A9000F07609 /* Project object */;
			proxyType = 1;
			remoteGlobalIDString = 372E737922C33A9000F07609;
			remoteInfo = MainProject;
		};
/* End PBXContainerItemProxy section */

/* Begin PBXFileReference section */
		372E737A22C33A9000F07609 /* MainProject.app */ = {isa = PBXFileReference; explicitFileType = wrapper.application; includeInIndex = 0; path = MainProject.app; sourceTree = BUILT_PRODUCTS_DIR; };
		372E737D22C33A9000F07609 /* AppDelegate.h */ = {isa = PBXFileReference; lastKnownFileType = sourcecode.c.h; path = AppDelegate.h; sourceTree = "<group>"; };
		372E737E22C33A9000F07609 /* AppDelegate.m */ = {isa = PBXFileReference; lastKnownFileType = sourcecode.c.objc; path = AppDelegate.m; sourceTree = "<group>"; };
		372E738022C33A9000F07609 /* ViewController.h */ = {isa = PBXFileReference; lastKnownFileType = sourcecode.c.h; path = ViewController.h; sourceTree = "<group>"; };
		372E738122C33A9000F07609 /* ViewController.m */ = {isa = PBXFileReference; lastKnownFileType = sourcecode.c.objc; path = ViewController.m; sourceTree = "<group>"; };
		372E738422C33A9000F07609 /* Base */ = {isa = PBXFileReference; lastKnownFileType = file.storyboard; name = Base; path = Base.lproj/Main.storyboard; sourceTree = "<group>"; };
		372E738622C33A9300F07609 /* Assets.xcassets */ = {isa = PBXFileReference; lastKnownFileType = folder.assetcatalog; path = Assets.xcassets; sourceTree = "<group>"; };
		372E738922C33A9300F07609 /* Base */ = {isa = PBXFileReference; lastKnownFileType = file.storyboard; name = Base; path = Base.lproj/LaunchScreen.storyboard; sourceTree = "<group>"; };
		372E738B22C33A9300F07609 /* Info.plist */ = {isa = PBXFileReference; lastKnownFileType = text.plist.xml; path = Info.plist; sourceTree = "<group>"; };
		372E738C22C33A9300F07609 /* main.m */ = {isa = PBXFileReference; lastKnownFileType = sourcecode.c.objc; path = main.m; sourceTree = "<group>"; };
		372E739222C33A9300F07609 /* MainProjectTests.xctest */ = {isa = PBXFileReference; explicitFileType = wrapper.cfbundle; includeInIndex = 0; path = MainProjectTests.xctest; sourceTree = BUILT_PRODUCTS_DIR; };
		372E739622C33A9300F07609 /* MainProjectTests.m */ = {isa = PBXFileReference; lastKnownFileType = sourcecode.c.objc; path = MainProjectTests.m; sourceTree = "<group>"; };
		372E739822C33A9300F07609 /* Info.plist */ = {isa = PBXFileReference; lastKnownFileType = text.plist.xml; path = Info.plist; sourceTree = "<group>"; };
		372E739D22C33A9300F07609 /* MainProjectUITests.xctest */ = {isa = PBXFileReference; explicitFileType = wrapper.cfbundle; includeInIndex = 0; path = MainProjectUITests.xctest; sourceTree = BUILT_PRODUCTS_DIR; };
		372E73A122C33A9300F07609 /* MainProjectUITests.m */ = {isa = PBXFileReference; lastKnownFileType = sourcecode.c.objc; path = MainProjectUITests.m; sourceTree = "<group>"; };
		372E73A322C33A9300F07609 /* Info.plist */ = {isa = PBXFileReference; lastKnownFileType = text.plist.xml; path = Info.plist; sourceTree = "<group>"; };
		372E73B222C33AAC00F07609 /* BViewController.h */ = {isa = PBXFileReference; lastKnownFileType = sourcecode.c.h; path = BViewController.h; sourceTree = "<group>"; };
		372E73B322C33AAC00F07609 /* BViewController.m */ = {isa = PBXFileReference; lastKnownFileType = sourcecode.c.objc; path = BViewController.m; sourceTree = "<group>"; };
/* End PBXFileReference section */

/* Begin PBXFrameworksBuildPhase section */
		372E737722C33A9000F07609 /* Frameworks */ = {
			isa = PBXFrameworksBuildPhase;
			buildActionMask = 2147483647;
			files = (
			);
			runOnlyForDeploymentPostprocessing = 0;
		};
		372E738F22C33A9300F07609 /* Frameworks */ = {
			isa = PBXFrameworksBuildPhase;
			buildActionMask = 2147483647;
			files = (
			);
			runOnlyForDeploymentPostprocessing = 0;
		};
		372E739A22C33A9300F07609 /* Frameworks */ = {
			isa = PBXFrameworksBuildPhase;
			buildActionMask = 2147483647;
			files = (
			);
			runOnlyForDeploymentPostprocessing = 0;
		};
/* End PBXFrameworksBuildPhase section */

/* Begin PBXGroup section */
		372E737122C33A9000F07609 = {
			isa = PBXGroup;
			children = (
				372E737C22C33A9000F07609 /* MainProject */,
				372E739522C33A9300F07609 /* MainProjectTests */,
				372E73A022C33A9300F07609 /* MainProjectUITests */,
				372E737B22C33A9000F07609 /* Products */,
			);
			sourceTree = "<group>";
		};
		372E737B22C33A9000F07609 /* Products */ = {
			isa = PBXGroup;
			children = (
				372E737A22C33A9000F07609 /* MainProject.app */,
				372E739222C33A9300F07609 /* MainProjectTests.xctest */,
				372E739D22C33A9300F07609 /* MainProjectUITests.xctest */,
			);
			name = Products;
			sourceTree = "<group>";
		};
		372E737C22C33A9000F07609 /* MainProject */ = {
			isa = PBXGroup;
			children = (
				372E737D22C33A9000F07609 /* AppDelegate.h */,
				372E737E22C33A9000F07609 /* AppDelegate.m */,
				372E738022C33A9000F07609 /* ViewController.h */,
				372E738122C33A9000F07609 /* ViewController.m */,
				372E738322C33A9000F07609 /* Main.storyboard */,
				372E738622C33A9300F07609 /* Assets.xcassets */,
				372E738822C33A9300F07609 /* LaunchScreen.storyboard */,
				372E738B22C33A9300F07609 /* Info.plist */,
				372E738C22C33A9300F07609 /* main.m */,
				372E73B222C33AAC00F07609 /* BViewController.h */,
				372E73B322C33AAC00F07609 /* BViewController.m */,
			);
			path = MainProject;
			sourceTree = "<group>";
		};
		372E739522C33A9300F07609 /* MainProjectTests */ = {
			isa = PBXGroup;
			children = (
				372E739622C33A9300F07609 /* MainProjectTests.m */,
				372E739822C33A9300F07609 /* Info.plist */,
			);
			path = MainProjectTests;
			sourceTree = "<group>";
		};
		372E73A022C33A9300F07609 /* MainProjectUITests */ = {
			isa = PBXGroup;
			children = (
				372E73A122C33A9300F07609 /* MainProjectUITests.m */,
				372E73A322C33A9300F07609 /* Info.plist */,
			);
			path = MainProjectUITests;
			sourceTree = "<group>";
		};
/* End PBXGroup section */

/* Begin PBXNativeTarget section */
		372E737922C33A9000F07609 /* MainProject */ = {
			isa = PBXNativeTarget;
			buildConfigurationList = 372E73A622C33A9300F07609 /* Build configuration list for PBXNativeTarget "MainProject" */;
			buildPhases = (
				372E737622C33A9000F07609 /* Sources */,
				372E737722C33A9000F07609 /* Frameworks */,
				372E737822C33A9000F07609 /* Resources */,
			);
			buildRules = (
			);
			dependencies = (
			);
			name = MainProject;
			productName = MainProject;
			productReference = 372E737A22C33A9000F07609 /* MainProject.app */;
			productType = "com.apple.product-type.application";
		};
		372E739122C33A9300F07609 /* MainProjectTests */ = {
			isa = PBXNativeTarget;
			buildConfigurationList = 372E73A922C33A9300F07609 /* Build configuration list for PBXNativeTarget "MainProjectTests" */;
			buildPhases = (
				372E738E22C33A9300F07609 /* Sources */,
				372E738F22C33A9300F07609 /* Frameworks */,
				372E739022C33A9300F07609 /* Resources */,
			);
			buildRules = (
			);
			dependencies = (
				372E739422C33A9300F07609 /* PBXTargetDependency */,
			);
			name = MainProjectTests;
			productName = MainProjectTests;
			productReference = 372E739222C33A9300F07609 /* MainProjectTests.xctest */;
			productType = "com.apple.product-type.bundle.unit-test";
		};
		372E739C22C33A9300F07609 /* MainProjectUITests */ = {
			isa = PBXNativeTarget;
			buildConfigurationList = 372E73AC22C33A9300F07609 /* Build configuration list for PBXNativeTarget "MainProjectUITests" */;
			buildPhases = (
				372E739922C33A9300F07609 /* Sources */,
				372E739A22C33A9300F07609 /* Frameworks */,
				372E739B22C33A9300F07609 /* Resources */,
			);
			buildRules = (
			);
			dependencies = (
				372E739F22C33A9300F07609 /* PBXTargetDependency */,
			);
			name = MainProjectUITests;
			productName = MainProjectUITests;
			productReference = 372E739D22C33A9300F07609 /* MainProjectUITests.xctest */;
			productType = "com.apple.product-type.bundle.ui-testing";
		};
/* End PBXNativeTarget section */

/* Begin PBXProject section */
		372E737222C33A9000F07609 /* Project object */ = {
			isa = PBXProject;
			attributes = {
				LastUpgradeCheck = 1020;
				ORGANIZATIONNAME = "王海洋";
				TargetAttributes = {
					372E737922C33A9000F07609 = {
						CreatedOnToolsVersion = 10.2.1;
					};
					372E739122C33A9300F07609 = {
						CreatedOnToolsVersion = 10.2.1;
						TestTargetID = 372E737922C33A9000F07609;
					};
					372E739C22C33A9300F07609 = {
						CreatedOnToolsVersion = 10.2.1;
						TestTargetID = 372E737922C33A9000F07609;
					};
				};
			};
			buildConfigurationList = 372E737522C33A9000F07609 /* Build configuration list for PBXProject "MainProject" */;
			compatibilityVersion = "Xcode 9.3";
			developmentRegion = en;
			hasScannedForEncodings = 0;
			knownRegions = (
				en,
				Base,
			);
			mainGroup = 372E737122C33A9000F07609;
			productRefGroup = 372E737B22C33A9000F07609 /* Products */;
			projectDirPath = "";
			projectRoot = "";
			targets = (
				372E737922C33A9000F07609 /* MainProject */,
				372E739122C33A9300F07609 /* MainProjectTests */,
				372E739C22C33A9300F07609 /* MainProjectUITests */,
			);
		};
/* End PBXProject section */

/* Begin PBXResourcesBuildPhase section */
		372E737822C33A9000F07609 /* Resources */ = {
			isa = PBXResourcesBuildPhase;
			buildActionMask = 2147483647;
			files = (
				372E738A22C33A9300F07609 /* LaunchScreen.storyboard in Resources */,
				372E738722C33A9300F07609 /* Assets.xcassets in Resources */,
				372E738522C33A9000F07609 /* Main.storyboard in Resources */,
			);
			runOnlyForDeploymentPostprocessing = 0;
		};
		372E739022C33A9300F07609 /* Resources */ = {
			isa = PBXResourcesBuildPhase;
			buildActionMask = 2147483647;
			files = (
			);
			runOnlyForDeploymentPostprocessing = 0;
		};
		372E739B22C33A9300F07609 /* Resources */ = {
			isa = PBXResourcesBuildPhase;
			buildActionMask = 2147483647;
			files = (
			);
			runOnlyForDeploymentPostprocessing = 0;
		};
/* End PBXResourcesBuildPhase section */

/* Begin PBXSourcesBuildPhase section */
		372E737622C33A9000F07609 /* Sources */ = {
			isa = PBXSourcesBuildPhase;
			buildActionMask = 2147483647;
			files = (
				372E738222C33A9000F07609 /* ViewController.m in Sources */,
				372E738D22C33A9300F07609 /* main.m in Sources */,
				372E73B422C33AAC00F07609 /* BViewController.m in Sources */,
				372E737F22C33A9000F07609 /* AppDelegate.m in Sources */,
			);
			runOnlyForDeploymentPostprocessing = 0;
		};
		372E738E22C33A9300F07609 /* Sources */ = {
			isa = PBXSourcesBuildPhase;
			buildActionMask = 2147483647;
			files = (
				372E739722C33A9300F07609 /* MainProjectTests.m in Sources */,
			);
			runOnlyForDeploymentPostprocessing = 0;
		};
		372E739922C33A9300F07609 /* Sources */ = {
			isa = PBXSourcesBuildPhase;
			buildActionMask = 2147483647;
			files = (
				372E73A222C33A9300F07609 /* MainProjectUITests.m in Sources */,
			);
			runOnlyForDeploymentPostprocessing = 0;
		};
/* End PBXSourcesBuildPhase section */

/* Begin PBXTargetDependency section */
		372E739422C33A9300F07609 /* PBXTargetDependency */ = {
			isa = PBXTargetDependency;
			target = 372E737922C33A9000F07609 /* MainProject */;
			targetProxy = 372E739322C33A9300F07609 /* PBXContainerItemProxy */;
		};
		372E739F22C33A9300F07609 /* PBXTargetDependency */ = {
			isa = PBXTargetDependency;
			target = 372E737922C33A9000F07609 /* MainProject */;
			targetProxy = 372E739E22C33A9300F07609 /* PBXContainerItemProxy */;
		};
/* End PBXTargetDependency section */

/* Begin PBXVariantGroup section */
		372E738322C33A9000F07609 /* Main.storyboard */ = {
			isa = PBXVariantGroup;
			children = (
				372E738422C33A9000F07609 /* Base */,
			);
			name = Main.storyboard;
			sourceTree = "<group>";
		};
		372E738822C33A9300F07609 /* LaunchScreen.storyboard */ = {
			isa = PBXVariantGroup;
			children = (
				372E738922C33A9300F07609 /* Base */,
			);
			name = LaunchScreen.storyboard;
			sourceTree = "<group>";
		};
/* End PBXVariantGroup section */

/* Begin XCBuildConfiguration section */
		372E73A422C33A9300F07609 /* Debug */ = {
			isa = XCBuildConfiguration;
			buildSettings = {
				ALWAYS_SEARCH_USER_PATHS = NO;
				CLANG_ANALYZER_NONNULL = YES;
				CLANG_ANALYZER_NUMBER_OBJECT_CONVERSION = YES_AGGRESSIVE;
				CLANG_CXX_LANGUAGE_STANDARD = "gnu++14";
				CLANG_CXX_LIBRARY = "libc++";
				CLANG_ENABLE_MODULES = YES;
				CLANG_ENABLE_OBJC_ARC = YES;
				CLANG_ENABLE_OBJC_WEAK = YES;
				CLANG_WARN_BLOCK_CAPTURE_AUTORELEASING = YES;
				CLANG_WARN_BOOL_CONVERSION = YES;
				CLANG_WARN_COMMA = YES;
				CLANG_WARN_CONSTANT_CONVERSION = YES;
				CLANG_WARN_DEPRECATED_OBJC_IMPLEMENTATIONS = YES;
				CLANG_WARN_DIRECT_OBJC_ISA_USAGE = YES_ERROR;
				CLANG_WARN_DOCUMENTATION_COMMENTS = YES;
				CLANG_WARN_EMPTY_BODY = YES;
				CLANG_WARN_ENUM_CONVERSION = YES;
				CLANG_WARN_INFINITE_RECURSION = YES;
				CLANG_WARN_INT_CONVERSION = YES;
				CLANG_WARN_NON_LITERAL_NULL_CONVERSION = YES;
				CLANG_WARN_OBJC_IMPLICIT_RETAIN_SELF = YES;
				CLANG_WARN_OBJC_LITERAL_CONVERSION = YES;
				CLANG_WARN_OBJC_ROOT_CLASS = YES_ERROR;
				CLANG_WARN_RANGE_LOOP_ANALYSIS = YES;
				CLANG_WARN_STRICT_PROTOTYPES = YES;
				CLANG_WARN_SUSPICIOUS_MOVE = YES;
				CLANG_WARN_UNGUARDED_AVAILABILITY = YES_AGGRESSIVE;
				CLANG_WARN_UNREACHABLE_CODE = YES;
				CLANG_WARN__DUPLICATE_METHOD_MATCH = YES;
				CODE_SIGN_IDENTITY = "iPhone Developer";
				COPY_PHASE_STRIP = NO;
				DEBUG_INFORMATION_FORMAT = dwarf;
				ENABLE_STRICT_OBJC_MSGSEND = YES;
				ENABLE_TESTABILITY = YES;
				GCC_C_LANGUAGE_STANDARD = gnu11;
				GCC_DYNAMIC_NO_PIC = NO;
				GCC_NO_COMMON_BLOCKS = YES;
				GCC_OPTIMIZATION_LEVEL = 0;
				GCC_PREPROCESSOR_DEFINITIONS = (
					"DEBUG=1",
					"$(inherited)",
				);
				GCC_WARN_64_TO_32_BIT_CONVERSION = YES;
				GCC_WARN_ABOUT_RETURN_TYPE = YES_ERROR;
				GCC_WARN_UNDECLARED_SELECTOR = YES;
				GCC_WARN_UNINITIALIZED_AUTOS = YES_AGGRESSIVE;
				GCC_WARN_UNUSED_FUNCTION = YES;
				GCC_WARN_UNUSED_VARIABLE = YES;
				IPHONEOS_DEPLOYMENT_TARGET = 12.2;
				MTL_ENABLE_DEBUG_INFO = INCLUDE_SOURCE;
				MTL_FAST_MATH = YES;
				ONLY_ACTIVE_ARCH = YES;
				SDKROOT = iphoneos;
			};
			name = Debug;
		};
		372E73A522C33A9300F07609 /* Release */ = {
			isa = XCBuildConfiguration;
			buildSettings = {
				ALWAYS_SEARCH_USER_PATHS = NO;
				CLANG_ANALYZER_NONNULL = YES;
				CLANG_ANALYZER_NUMBER_OBJECT_CONVERSION = YES_AGGRESSIVE;
				CLANG_CXX_LANGUAGE_STANDARD = "gnu++14";
				CLANG_CXX_LIBRARY = "libc++";
				CLANG_ENABLE_MODULES = YES;
				CLANG_ENABLE_OBJC_ARC = YES;
				CLANG_ENABLE_OBJC_WEAK = YES;
				CLANG_WARN_BLOCK_CAPTURE_AUTORELEASING = YES;
				CLANG_WARN_BOOL_CONVERSION = YES;
				CLANG_WARN_COMMA = YES;
				CLANG_WARN_CONSTANT_CONVERSION = YES;
				CLANG_WARN_DEPRECATED_OBJC_IMPLEMENTATIONS = YES;
				CLANG_WARN_DIRECT_OBJC_ISA_USAGE = YES_ERROR;
				CLANG_WARN_DOCUMENTATION_COMMENTS = YES;
				CLANG_WARN_EMPTY_BODY = YES;
				CLANG_WARN_ENUM_CONVERSION = YES;
				CLANG_WARN_INFINITE_RECURSION = YES;
				CLANG_WARN_INT_CONVERSION = YES;
				CLANG_WARN_NON_LITERAL_NULL_CONVERSION = YES;
				CLANG_WARN_OBJC_IMPLICIT_RETAIN_SELF = YES;
				CLANG_WARN_OBJC_LITERAL_CONVERSION = YES;
				CLANG_WARN_OBJC_ROOT_CLASS = YES_ERROR;
				CLANG_WARN_RANGE_LOOP_ANALYSIS = YES;
				CLANG_WARN_STRICT_PROTOTYPES = YES;
				CLANG_WARN_SUSPICIOUS_MOVE = YES;
				CLANG_WARN_UNGUARDED_AVAILABILITY = YES_AGGRESSIVE;
				CLANG_WARN_UNREACHABLE_CODE = YES;
				CLANG_WARN__DUPLICATE_METHOD_MATCH = YES;
				CODE_SIGN_IDENTITY = "iPhone Developer";
				COPY_PHASE_STRIP = NO;
				DEBUG_INFORMATION_FORMAT = "dwarf-with-dsym";
				ENABLE_NS_ASSERTIONS = NO;
				ENABLE_STRICT_OBJC_MSGSEND = YES;
				GCC_C_LANGUAGE_STANDARD = gnu11;
				GCC_NO_COMMON_BLOCKS = YES;
				GCC_WARN_64_TO_32_BIT_CONVERSION = YES;
				GCC_WARN_ABOUT_RETURN_TYPE = YES_ERROR;
				GCC_WARN_UNDECLARED_SELECTOR = YES;
				GCC_WARN_UNINITIALIZED_AUTOS = YES_AGGRESSIVE;
				GCC_WARN_UNUSED_FUNCTION = YES;
				GCC_WARN_UNUSED_VARIABLE = YES;
				IPHONEOS_DEPLOYMENT_TARGET = 12.2;
				MTL_ENABLE_DEBUG_INFO = NO;
				MTL_FAST_MATH = YES;
				SDKROOT = iphoneos;
				VALIDATE_PRODUCT = YES;
			};
			name = Release;
		};
		372E73A722C33A9300F07609 /* Debug */ = {
			isa = XCBuildConfiguration;
			buildSettings = {
				ASSETCATALOG_COMPILER_APPICON_NAME = AppIcon;
				CODE_SIGN_STYLE = Automatic;
				DEVELOPMENT_TEAM = APZXVAVRF6;
				INFOPLIST_FILE = MainProject/Info.plist;
				IPHONEOS_DEPLOYMENT_TARGET = 10.0;
				LD_RUNPATH_SEARCH_PATHS = (
					"$(inherited)",
					"@executable_path/Frameworks",
				);
				PRODUCT_BUNDLE_IDENTIFIER = com.haiyang.wang.MainProject;
				PRODUCT_NAME = "$(TARGET_NAME)";
				TARGETED_DEVICE_FAMILY = "1,2";
			};
			name = Debug;
		};
		372E73A822C33A9300F07609 /* Release */ = {
			isa = XCBuildConfiguration;
			buildSettings = {
				ASSETCATALOG_COMPILER_APPICON_NAME = AppIcon;
				CODE_SIGN_STYLE = Automatic;
				DEVELOPMENT_TEAM = APZXVAVRF6;
				INFOPLIST_FILE = MainProject/Info.plist;
				IPHONEOS_DEPLOYMENT_TARGET = 10.0;
				LD_RUNPATH_SEARCH_PATHS = (
					"$(inherited)",
					"@executable_path/Frameworks",
				);
				PRODUCT_BUNDLE_IDENTIFIER = com.haiyang.wang.MainProject;
				PRODUCT_NAME = "$(TARGET_NAME)";
				TARGETED_DEVICE_FAMILY = "1,2";
			};
			name = Release;
		};
		372E73AA22C33A9300F07609 /* Debug */ = {
			isa = XCBuildConfiguration;
			buildSettings = {
				BUNDLE_LOADER = "$(TEST_HOST)";
				CODE_SIGN_STYLE = Automatic;
				DEVELOPMENT_TEAM = APZXVAVRF6;
				INFOPLIST_FILE = MainProjectTests/Info.plist;
				LD_RUNPATH_SEARCH_PATHS = (
					"$(inherited)",
					"@executable_path/Frameworks",
					"@loader_path/Frameworks",
				);
				PRODUCT_BUNDLE_IDENTIFIER = com.haiyang.wang.MainProjectTests;
				PRODUCT_NAME = "$(TARGET_NAME)";
				TARGETED_DEVICE_FAMILY = "1,2";
				TEST_HOST = "$(BUILT_PRODUCTS_DIR)/MainProject.app/MainProject";
			};
			name = Debug;
		};
		372E73AB22C33A9300F07609 /* Release */ = {
			isa = XCBuildConfiguration;
			buildSettings = {
				BUNDLE_LOADER = "$(TEST_HOST)";
				CODE_SIGN_STYLE = Automatic;
				DEVELOPMENT_TEAM = APZXVAVRF6;
				INFOPLIST_FILE = MainProjectTests/Info.plist;
				LD_RUNPATH_SEARCH_PATHS = (
					"$(inherited)",
					"@executable_path/Frameworks",
					"@loader_path/Frameworks",
				);
				PRODUCT_BUNDLE_IDENTIFIER = com.haiyang.wang.MainProjectTests;
				PRODUCT_NAME = "$(TARGET_NAME)";
				TARGETED_DEVICE_FAMILY = "1,2";
				TEST_HOST = "$(BUILT_PRODUCTS_DIR)/MainProject.app/MainProject";
			};
			name = Release;
		};
		372E73AD22C33A9300F07609 /* Debug */ = {
			isa = XCBuildConfiguration;
			buildSettings = {
				CODE_SIGN_STYLE = Automatic;
				DEVELOPMENT_TEAM = APZXVAVRF6;
				INFOPLIST_FILE = MainProjectUITests/Info.plist;
				LD_RUNPATH_SEARCH_PATHS = (
					"$(inherited)",
					"@executable_path/Frameworks",
					"@loader_path/Frameworks",
				);
				PRODUCT_BUNDLE_IDENTIFIER = com.haiyang.wang.MainProjectUITests;
				PRODUCT_NAME = "$(TARGET_NAME)";
				TARGETED_DEVICE_FAMILY = "1,2";
				TEST_TARGET_NAME = MainProject;
			};
			name = Debug;
		};
		372E73AE22C33A9300F07609 /* Release */ = {
			isa = XCBuildConfiguration;
			buildSettings = {
				CODE_SIGN_STYLE = Automatic;
				DEVELOPMENT_TEAM = APZXVAVRF6;
				INFOPLIST_FILE = MainProjectUITests/Info.plist;
				LD_RUNPATH_SEARCH_PATHS = (
					"$(inherited)",
					"@executable_path/Frameworks",
					"@loader_path/Frameworks",
				);
				PRODUCT_BUNDLE_IDENTIFIER = com.haiyang.wang.MainProjectUITests;
				PRODUCT_NAME = "$(TARGET_NAME)";
				TARGETED_DEVICE_FAMILY = "1,2";
				TEST_TARGET_NAME = MainProject;
			};
			name = Release;
		};
/* End XCBuildConfiguration section */

/* Begin XCConfigurationList section */
		372E737522C33A9000F07609 /* Build configuration list for PBXProject "MainProject" */ = {
			isa = XCConfigurationList;
			buildConfigurations = (
				372E73A422C33A9300F07609 /* Debug */,
				372E73A522C33A9300F07609 /* Release */,
			);
			defaultConfigurationIsVisible = 0;
			defaultConfigurationName = Release;
		};
		372E73A622C33A9300F07609 /* Build configuration list for PBXNativeTarget "MainProject" */ = {
			isa = XCConfigurationList;
			buildConfigurations = (
				372E73A722C33A9300F07609 /* Debug */,
				372E73A822C33A9300F07609 /* Release */,
			);
			defaultConfigurationIsVisible = 0;
			defaultConfigurationName = Release;
		};
		372E73A922C33A9300F07609 /* Build configuration list for PBXNativeTarget "MainProjectTests" */ = {
			isa = XCConfigurationList;
			buildConfigurations = (
				372E73AA22C33A9300F07609 /* Debug */,
				372E73AB22C33A9300F07609 /* Release */,
			);
			defaultConfigurationIsVisible = 0;
			defaultConfigurationName = Release;
		};
		372E73AC22C33A9300F07609 /* Build configuration list for PBXNativeTarget "MainProjectUITests" */ = {
			isa = XCConfigurationList;
			buildConfigurations = (
				372E73AD22C33A9300F07609 /* Debug */,
				372E73AE22C33A9300F07609 /* Release */,
			);
			defaultConfigurationIsVisible = 0;
			defaultConfigurationName = Release;
		};
/* End XCConfigurationList section */
	};
	rootObject = 372E737222C33A9000F07609 /* Project object */;
}
